
Microsoft Visual Studio Solution File, Format Version 12.00
# Visual Studio 15
VisualStudioVersion = 15.0.28010.2046
MinimumVisualStudioVersion = 10.0.40219.1
Project("{FAE04EC0-301F-11D3-BF4B-00C04F79EFBC}") = "PlaygroundSeeSharp", "PlaygroundSeeSharp\PlaygroundSeeSharp.csproj", "{E9F35E0F-2451-44C9-85D1-93685A48BFBA}"
EndProject
Project("{FAE04EC0-301F-11D3-BF4B-00C04F79EFBC}") = "WPF_PlayArea", "WPF_PlayArea\WPF_PlayArea.csproj", "{03DD5E96-3984-4244-8D11-B56D3B41AA21}"
EndProject
Global
	GlobalSection(SolutionConfigurationPlatforms) = preSolution
		Debug|Any CPU = Debug|Any CPU
		Release|Any CPU = Release|Any CPU
	EndGlobalSection
	GlobalSection(ProjectConfigurationPlatforms) = postSolution
		{E9F35E0F-2451-44C9-85D1-93685A48BFBA}.Debug|Any CPU.ActiveCfg = Debug|Any CPU
		{E9F35E0F-2451-44C9-85D1-93685A48BFBA}.Debug|Any CPU.Build.0 = Debug|Any CPU
		{E9F35E0F-2451-44C9-85D1-93685A48BFBA}.Release|Any CPU.ActiveCfg = Release|Any CPU
		{E9F35E0F-2451-44C9-85D1-93685A48BFBA}.Release|Any CPU.Build.0 = Release|Any CPU
		{03DD5E96-3984-4244-8D11-B56D3B41AA21}.Debug|Any CPU.ActiveCfg = Debug|Any CPU
		{03DD5E96-3984-4244-8D11-B56D3B41AA21}.Debug|Any CPU.Build.0 = Debug|Any CPU
		{03DD5E96-3984-4244-8D11-B56D3B41AA21}.Release|Any CPU.ActiveCfg = Release|Any CPU
		{03DD5E96-3984-4244-8D11-B56D3B41AA21}.Release|Any CPU.Build.0 = Release|Any CPU
	EndGlobalSection
	GlobalSection(SolutionProperties) = preSolution
		HideSolutionNode = FALSE
	EndGlobalSection
	GlobalSection(ExtensibilityGlobals) = postSolution
		SolutionGuid = {56755C54-A38B-41F5-ACC2-DCD6BD23B365}
	EndGlobalSection
EndGlobal
